
Microsoft Visual Studio Solution File, Format Version 12.00
# Visual Studio Version 16
VisualStudioVersion = 16.0.32002.261
MinimumVisualStudioVersion = 10.0.40219.1
Project("{FAE04EC0-301F-11D3-BF4B-00C04F79EFBC}") = "QLNhanSu", "QLNhanSu\QLNhanSu.csproj", "{9AB8DBBB-8E28-4FD0-A060-DDA32F70A76F}"
EndProject
Project("{FAE04EC0-301F-11D3-BF4B-00C04F79EFBC}") = "nhansu.data", "nhansu.data\nhansu.data.csproj", "{3537BC6A-119D-4855-B629-CF9FDE17EAB2}"
EndProject
Project("{FAE04EC0-301F-11D3-BF4B-00C04F79EFBC}") = "nhansu.adapter", "nhansu.adapter\nhansu.adapter.csproj", "{3742F988-E7BF-4147-B876-AB4393A14920}"
EndProject
Global
	GlobalSection(SolutionConfigurationPlatforms) = preSolution
		Debug|Any CPU = Debug|Any CPU
		Release|Any CPU = Release|Any CPU
	EndGlobalSection
	GlobalSection(ProjectConfigurationPlatforms) = postSolution
		{9AB8DBBB-8E28-4FD0-A060-DDA32F70A76F}.Debug|Any CPU.ActiveCfg = Debug|Any CPU
		{9AB8DBBB-8E28-4FD0-A060-DDA32F70A76F}.Debug|Any CPU.Build.0 = Debug|Any CPU
		{9AB8DBBB-8E28-4FD0-A060-DDA32F70A76F}.Release|Any CPU.ActiveCfg = Release|Any CPU
		{9AB8DBBB-8E28-4FD0-A060-DDA32F70A76F}.Release|Any CPU.Build.0 = Release|Any CPU
		{3537BC6A-119D-4855-B629-CF9FDE17EAB2}.Debug|Any CPU.ActiveCfg = Debug|Any CPU
		{3537BC6A-119D-4855-B629-CF9FDE17EAB2}.Debug|Any CPU.Build.0 = Debug|Any CPU
		{3537BC6A-119D-4855-B629-CF9FDE17EAB2}.Release|Any CPU.ActiveCfg = Release|Any CPU
		{3537BC6A-119D-4855-B629-CF9FDE17EAB2}.Release|Any CPU.Build.0 = Release|Any CPU
		{3742F988-E7BF-4147-B876-AB4393A14920}.Debug|Any CPU.ActiveCfg = Debug|Any CPU
		{3742F988-E7BF-4147-B876-AB4393A14920}.Debug|Any CPU.Build.0 = Debug|Any CPU
		{3742F988-E7BF-4147-B876-AB4393A14920}.Release|Any CPU.ActiveCfg = Release|Any CPU
		{3742F988-E7BF-4147-B876-AB4393A14920}.Release|Any CPU.Build.0 = Release|Any CPU
	EndGlobalSection
	GlobalSection(SolutionProperties) = preSolution
		HideSolutionNode = FALSE
	EndGlobalSection
	GlobalSection(ExtensibilityGlobals) = postSolution
		SolutionGuid = {83E8965E-16BA-4F02-B9FB-C36D5E453378}
	EndGlobalSection
EndGlobal
